{
  "pins" : [
    {
      "identity" : "feather-mail",
      "kind" : "remoteSourceControl",
      "location" : "https://github.com/feather-framework/feather-mail.git",
      "state" : {
        "revision" : "a85ec2e5d3e06f97af00c06228dc225693dbe858",
        "version" : "0.1.2"
      }
    },
    {
      "identity" : "feather-service",
      "kind" : "remoteSourceControl",
      "location" : "https://github.com/feather-framework/feather-service.git",
      "state" : {
        "revision" : "ad5b6fa727d5de89efc3f1f2931fd0c7920c380e",
        "version" : "0.1.0"
      }
    },
    {
      "identity" : "swift-log",
      "kind" : "remoteSourceControl",
      "location" : "https://github.com/apple/swift-log.git",
      "state" : {
        "revision" : "532d8b529501fb73a2455b179e0bbb6d49b652ed",
        "version" : "1.5.3"
      }
    }
  ],
  "version" : 2
}
