{
  "originHash" : "e27b32a524e71f6277b1385c3ce7a236c4808f9f5fc2c3f367bf961c9c4769a7",
  "pins" : [
    {
      "identity" : "feather-mail",
      "kind" : "remoteSourceControl",
      "location" : "https://github.com/feather-framework/feather-mail",
      "state" : {
        "revision" : "699738895348bb43516c8dc351ad53ed6f356997",
        "version" : "1.0.0-rc.1"
      }
    }
  ],
  "version" : 3
}
